lockfileVersion: '6.0'

devDependencies:
  '@types/node':
    specifier: ^18.15.11
    version: registry.npmmirror.com/@types/node@18.15.11
  promises-aplus-tests:
    specifier: ^2.1.2
    version: registry.npmmirror.com/promises-aplus-tests@2.1.2
  rollup:
    specifier: ^3.23.0
    version: registry.npmmirror.com/rollup@3.23.0
  rollup-plugin-typescript2:
    specifier: ^0.34.1
    version: registry.npmmirror.com/rollup-plugin-typescript2@0.34.1(rollup@3.23.0)(typescript@5.0.3)
  typescript:
    specifier: ^5.0.3
    version: registry.npmmirror.com/typescript@5.0.3

packages:

  registry.npmmirror.com/@rollup/pluginutils@4.2.1:
    resolution: {integrity: sha512-iKnFXr7NkdZAIHiIWE+BX5ULi/ucVFYWD6TbAV+rZctiRTY2PL6tsIKhoIOaoskiWAkgu+VsbXgUVDNLHf+InQ==, registry: https://registry.npm.taobao.org/, tarball: https://registry.npmmirror.com/@rollup/pluginutils/-/pluginutils-4.2.1.tgz}
    name: '@rollup/pluginutils'
    version: 4.2.1
    engines: {node: '>= 8.0.0'}
    dependencies:
      estree-walker: registry.npmmirror.com/estree-walker@2.0.2
      picomatch: registry.npmmirror.com/picomatch@2.3.1
    dev: true

  registry.npmmirror.com/@types/node@18.15.11:
    resolution: {integrity: sha512-E5Kwq2n4SbMzQOn6wnmBjuK9ouqlURrcZDVfbo9ftDDTFt3nk7ZKK4GMOzoYgnpQJKcxwQw+lGaBvvlMo0qN/Q==, registry: https://registry.npm.taobao.org/, tarball: https://registry.npmmirror.com/@types/node/-/node-18.15.11.tgz}
    name: '@types/node'
    version: 18.15.11
    dev: true

  registry.npmmirror.com/available-typed-arrays@1.0.5:
    resolution: {integrity: sha512-DMD0KiN46eipeziST1LPP/STfDU0sufISXmjSgvVsoU2tqxctQeASejWcfNtxYKqETM1UxQ8sp2OrSBWpHY6sw==, registry: https://registry.npm.taobao.org/, tarball: https://registry.npmmirror.com/available-typed-arrays/-/available-typed-arrays-1.0.5.tgz}
    name: available-typed-arrays
    version: 1.0.5
    engines: {node: '>= 0.4'}
    dev: true

  registry.npmmirror.com/call-bind@1.0.2:
    resolution: {integrity: sha512-7O+FbCihrB5WGbFYesctwmTKae6rOiIzmz1icreWJ+0aA7LJfuqhEso2T9ncpcFtzMQtzXf2QGGueWJGTYsqrA==, registry: https://registry.npm.taobao.org/, tarball: https://registry.npmmirror.com/call-bind/-/call-bind-1.0.2.tgz}
    name: call-bind
    version: 1.0.2
    dependencies:
      function-bind: registry.npmmirror.com/function-bind@1.1.1
      get-intrinsic: registry.npmmirror.com/get-intrinsic@1.2.0
    dev: true

  registry.npmmirror.com/commander@0.6.1:
    resolution: {integrity: sha512-0fLycpl1UMTGX257hRsu/arL/cUbcvQM4zMKwvLvzXtfdezIV4yotPS2dYtknF+NmEfWSoCEF6+hj9XLm/6hEw==, registry: https://registry.npm.taobao.org/, tarball: https://registry.npmmirror.com/commander/-/commander-0.6.1.tgz}
    name: commander
    version: 0.6.1
    engines: {node: '>= 0.4.x'}
    dev: true

  registry.npmmirror.com/commander@2.3.0:
    resolution: {integrity: sha512-CD452fnk0jQyk3NfnK+KkR/hUPoHt5pVaKHogtyyv3N0U4QfAal9W0/rXLOg/vVZgQKa7jdtXypKs1YAip11uQ==, registry: https://registry.npm.taobao.org/, tarball: https://registry.npmmirror.com/commander/-/commander-2.3.0.tgz}
    name: commander
    version: 2.3.0
    engines: {node: '>= 0.6.x'}
    dev: true

  registry.npmmirror.com/commondir@1.0.1:
    resolution: {integrity: sha512-W9pAhw0ja1Edb5GVdIF1mjZw/ASI0AlShXM83UUGe2DVr5TdAPEA1OA8m/g8zWp9x6On7gqufY+FatDbC3MDQg==, registry: https://registry.npm.taobao.org/, tarball: https://registry.npmmirror.com/commondir/-/commondir-1.0.1.tgz}
    name: commondir
    version: 1.0.1
    dev: true

  registry.npmmirror.com/debug@2.2.0(supports-color@1.2.0):
    resolution: {integrity: sha512-X0rGvJcskG1c3TgSCPqHJ0XJgwlcvOC7elJ5Y0hYuKBZoVqWpAMfLOeIh2UI/DCQ5ruodIjvsugZtjUYUw2pUw==, registry: https://registry.npm.taobao.org/, tarball: https://registry.npmmirror.com/debug/-/debug-2.2.0.tgz}
    id: registry.npmmirror.com/debug/2.2.0
    name: debug
    version: 2.2.0
    peerDependencies:
      supports-color: '*'
    peerDependenciesMeta:
      supports-color:
        optional: true
    dependencies:
      ms: registry.npmmirror.com/ms@0.7.1
      supports-color: registry.npmmirror.com/supports-color@1.2.0
    dev: true

  registry.npmmirror.com/diff@1.4.0:
    resolution: {integrity: sha512-VzVc42hMZbYU9Sx/ltb7KYuQ6pqAw+cbFWVy4XKdkuEL2CFaRLGEnISPs7YdzaUGpi+CpIqvRmu7hPQ4T7EQ5w==, registry: https://registry.npm.taobao.org/, tarball: https://registry.npmmirror.com/diff/-/diff-1.4.0.tgz}
    name: diff
    version: 1.4.0
    engines: {node: '>=0.3.1'}
    dev: true

  registry.npmmirror.com/escape-string-regexp@1.0.2:
    resolution: {integrity: sha512-cQpUid7bdTUnFin8S7BnNdOk+/eDqQmKgCANSyd/jAhrKEvxUvr9VQ8XZzXiOtest8NLfk3FSBZzwvemZNQ6Vg==, registry: https://registry.npm.taobao.org/, tarball: https://registry.npmmirror.com/escape-string-regexp/-/escape-string-regexp-1.0.2.tgz}
    name: escape-string-regexp
    version: 1.0.2
    engines: {node: '>=0.8.0'}
    dev: true

  registry.npmmirror.com/estree-walker@2.0.2:
    resolution: {integrity: sha512-Rfkk/Mp/DL7JVje3u18FxFujQlTNR2q6QfMSMB7AvCBx91NGj/ba3kCfza0f6dVDbw7YlRf/nDrn7pQrCCyQ/w==, registry: https://registry.npm.taobao.org/, tarball: https://registry.npmmirror.com/estree-walker/-/estree-walker-2.0.2.tgz}
    name: estree-walker
    version: 2.0.2
    dev: true

  registry.npmmirror.com/find-cache-dir@3.3.2:
    resolution: {integrity: sha512-wXZV5emFEjrridIgED11OoUKLxiYjAcqot/NJdAkOhlJ+vGzwhOAfcG5OX1jP+S0PcjEn8bdMJv+g2jwQ3Onig==, registry: https://registry.npm.taobao.org/, tarball: https://registry.npmmirror.com/find-cache-dir/-/find-cache-dir-3.3.2.tgz}
    name: find-cache-dir
    version: 3.3.2
    engines: {node: '>=8'}
    dependencies:
      commondir: registry.npmmirror.com/commondir@1.0.1
      make-dir: registry.npmmirror.com/make-dir@3.1.0
      pkg-dir: registry.npmmirror.com/pkg-dir@4.2.0
    dev: true

  registry.npmmirror.com/find-up@4.1.0:
    resolution: {integrity: sha512-PpOwAdQ/YlXQ2vj8a3h8IipDuYRi3wceVQQGYWxNINccq40Anw7BlsEXCMbt1Zt+OLA6Fq9suIpIWD0OsnISlw==, registry: https://registry.npm.taobao.org/, tarball: https://registry.npmmirror.com/find-up/-/find-up-4.1.0.tgz}
    name: find-up
    version: 4.1.0
    engines: {node: '>=8'}
    dependencies:
      locate-path: registry.npmmirror.com/locate-path@5.0.0
      path-exists: registry.npmmirror.com/path-exists@4.0.0
    dev: true

  registry.npmmirror.com/for-each@0.3.3:
    resolution: {integrity: sha512-jqYfLp7mo9vIyQf8ykW2v7A+2N4QjeCeI5+Dz9XraiO1ign81wjiH7Fb9vSOWvQfNtmSa4H2RoQTrrXivdUZmw==, registry: https://registry.npm.taobao.org/, tarball: https://registry.npmmirror.com/for-each/-/for-each-0.3.3.tgz}
    name: for-each
    version: 0.3.3
    dependencies:
      is-callable: registry.npmmirror.com/is-callable@1.2.7
    dev: true

  registry.npmmirror.com/formatio@1.1.1:
    resolution: {integrity: sha512-cPh7is6k3d8tIUh+pnXXuAbD/uhSXGgqLPw0UrYpv5lfdJ+MMMSjx40JNpqP7Top9Nt25YomWEiRmkHbOvkCaA==, registry: https://registry.npm.taobao.org/, tarball: https://registry.npmmirror.com/formatio/-/formatio-1.1.1.tgz}
    name: formatio
    version: 1.1.1
    deprecated: This package is unmaintained. Use @sinonjs/formatio instead
    dependencies:
      samsam: registry.npmmirror.com/samsam@1.1.2
    dev: true

  registry.npmmirror.com/fs-extra@10.1.0:
    resolution: {integrity: sha512-oRXApq54ETRj4eMiFzGnHWGy+zo5raudjuxN0b8H7s/RU2oW0Wvsx9O0ACRN/kRq9E8Vu/ReskGB5o3ji+FzHQ==, registry: https://registry.npm.taobao.org/, tarball: https://registry.npmmirror.com/fs-extra/-/fs-extra-10.1.0.tgz}
    name: fs-extra
    version: 10.1.0
    engines: {node: '>=12'}
    dependencies:
      graceful-fs: registry.npmmirror.com/graceful-fs@4.2.11
      jsonfile: registry.npmmirror.com/jsonfile@6.1.0
      universalify: registry.npmmirror.com/universalify@2.0.0
    dev: true

  registry.npmmirror.com/fsevents@2.3.2:
    resolution: {integrity: sha512-xiqMQR4xAeHTuB9uWm+fFRcIOgKBMiOBP+eXiyT7jsgVCq1bkVygt00oASowB7EdtpOHaaPgKt812P9ab+DDKA==, registry: https://registry.npm.taobao.org/, tarball: https://registry.npmmirror.com/fsevents/-/fsevents-2.3.2.tgz}
    name: fsevents
    version: 2.3.2
    engines: {node: ^8.16.0 || ^10.6.0 || >=11.0.0}
    os: [darwin]
    requiresBuild: true
    dev: true
    optional: true

  registry.npmmirror.com/function-bind@1.1.1:
    resolution: {integrity: sha512-yIovAzMX49sF8Yl58fSCWJ5svSLuaibPxXQJFLmBObTuCr0Mf1KiPopGM9NiFjiYBCbfaa2Fh6breQ6ANVTI0A==, registry: https://registry.npm.taobao.org/, tarball: https://registry.npmmirror.com/function-bind/-/function-bind-1.1.1.tgz}
    name: function-bind
    version: 1.1.1
    dev: true

  registry.npmmirror.com/get-intrinsic@1.2.0:
    resolution: {integrity: sha512-L049y6nFOuom5wGyRc3/gdTLO94dySVKRACj1RmJZBQXlbTMhtNIgkWkUHq+jYmZvKf14EW1EoJnnjbmoHij0Q==, registry: https://registry.npm.taobao.org/, tarball: https://registry.npmmirror.com/get-intrinsic/-/get-intrinsic-1.2.0.tgz}
    name: get-intrinsic
    version: 1.2.0
    dependencies:
      function-bind: registry.npmmirror.com/function-bind@1.1.1
      has: registry.npmmirror.com/has@1.0.3
      has-symbols: registry.npmmirror.com/has-symbols@1.0.3
    dev: true

  registry.npmmirror.com/glob@3.2.11:
    resolution: {integrity: sha512-hVb0zwEZwC1FXSKRPFTeOtN7AArJcJlI6ULGLtrstaswKNlrTJqAA+1lYlSUop4vjA423xlBzqfVS3iWGlqJ+g==, registry: https://registry.npm.taobao.org/, tarball: https://registry.npmmirror.com/glob/-/glob-3.2.11.tgz}
    name: glob
    version: 3.2.11
    dependencies:
      inherits: registry.npmmirror.com/inherits@2.0.4
      minimatch: registry.npmmirror.com/minimatch@0.3.0
    dev: true

  registry.npmmirror.com/gopd@1.0.1:
    resolution: {integrity: sha512-d65bNlIadxvpb/A2abVdlqKqV563juRnZ1Wtk6s1sIR8uNsXR70xqIzVqxVf1eTqDunwT2MkczEeaezCKTZhwA==, registry: https://registry.npm.taobao.org/, tarball: https://registry.npmmirror.com/gopd/-/gopd-1.0.1.tgz}
    name: gopd
    version: 1.0.1
    dependencies:
      get-intrinsic: registry.npmmirror.com/get-intrinsic@1.2.0
    dev: true

  registry.npmmirror.com/graceful-fs@4.2.11:
    resolution: {integrity: sha512-RbJ5/jmFcNNCcDV5o9eTnBLJ/HszWV0P73bc+Ff4nS/rJj+YaS6IGyiOL0VoBYX+l1Wrl3k63h/KrH+nhJ0XvQ==, registry: https://registry.npm.taobao.org/, tarball: https://registry.npmmirror.com/graceful-fs/-/graceful-fs-4.2.11.tgz}
    name: graceful-fs
    version: 4.2.11
    dev: true

  registry.npmmirror.com/growl@1.9.2:
    resolution: {integrity: sha1-Dqd0NxXbjY3ixe3hd14bRayFwC8=, registry: https://registry.npm.taobao.org/, tarball: https://registry.npmmirror.com/growl/download/growl-1.9.2.tgz}
    name: growl
    version: 1.9.2
    dev: true

  registry.npmmirror.com/has-symbols@1.0.3:
    resolution: {integrity: sha512-l3LCuF6MgDNwTDKkdYGEihYjt5pRPbEg46rtlmnSPlUbgmB8LOIrKJbYYFBSbnPaJexMKtiPO8hmeRjRz2Td+A==, registry: https://registry.npm.taobao.org/, tarball: https://registry.npmmirror.com/has-symbols/-/has-symbols-1.0.3.tgz}
    name: has-symbols
    version: 1.0.3
    engines: {node: '>= 0.4'}
    dev: true

  registry.npmmirror.com/has-tostringtag@1.0.0:
    resolution: {integrity: sha512-kFjcSNhnlGV1kyoGk7OXKSawH5JOb/LzUc5w9B02hOTO0dfFRjbHQKvg1d6cf3HbeUmtU9VbbV3qzZ2Teh97WQ==, registry: https://registry.npm.taobao.org/, tarball: https://registry.npmmirror.com/has-tostringtag/-/has-tostringtag-1.0.0.tgz}
    name: has-tostringtag
    version: 1.0.0
    engines: {node: '>= 0.4'}
    dependencies:
      has-symbols: registry.npmmirror.com/has-symbols@1.0.3
    dev: true

  registry.npmmirror.com/has@1.0.3:
    resolution: {integrity: sha512-f2dvO0VU6Oej7RkWJGrehjbzMAjFp5/VKPp5tTpWIV4JHHZK1/BxbFRtf/siA2SWTe09caDmVtYYzWEIbBS4zw==, registry: https://registry.npm.taobao.org/, tarball: https://registry.npmmirror.com/has/-/has-1.0.3.tgz}
    name: has
    version: 1.0.3
    engines: {node: '>= 0.4.0'}
    dependencies:
      function-bind: registry.npmmirror.com/function-bind@1.1.1
    dev: true

  registry.npmmirror.com/inherits@2.0.4:
    resolution: {integrity: sha512-k/vGaX4/Yla3WzyMCvTQOXYeIHvqOKtnqBduzTHpzpQZzAskKMhZ2K+EnBiSM9zGSoIFeMpXKxa4dYeZIQqewQ==, registry: https://registry.npm.taobao.org/, tarball: https://registry.npmmirror.com/inherits/-/inherits-2.0.4.tgz}
    name: inherits
    version: 2.0.4
    dev: true

  registry.npmmirror.com/is-arguments@1.1.1:
    resolution: {integrity: sha512-8Q7EARjzEnKpt/PCD7e1cgUS0a6X8u5tdSiMqXhojOdoV9TsMsiO+9VLC5vAmO8N7/GmXn7yjR8qnA6bVAEzfA==, registry: https://registry.npm.taobao.org/, tarball: https://registry.npmmirror.com/is-arguments/-/is-arguments-1.1.1.tgz}
    name: is-arguments
    version: 1.1.1
    engines: {node: '>= 0.4'}
    dependencies:
      call-bind: registry.npmmirror.com/call-bind@1.0.2
      has-tostringtag: registry.npmmirror.com/has-tostringtag@1.0.0
    dev: true

  registry.npmmirror.com/is-callable@1.2.7:
    resolution: {integrity: sha512-1BC0BVFhS/p0qtw6enp8e+8OD0UrK0oFLztSjNzhcKA3WDuJxxAPXzPuPtKkjEY9UUoEWlX/8fgKeu2S8i9JTA==, registry: https://registry.npm.taobao.org/, tarball: https://registry.npmmirror.com/is-callable/-/is-callable-1.2.7.tgz}
    name: is-callable
    version: 1.2.7
    engines: {node: '>= 0.4'}
    dev: true

  registry.npmmirror.com/is-generator-function@1.0.10:
    resolution: {integrity: sha512-jsEjy9l3yiXEQ+PsXdmBwEPcOxaXWLspKdplFUVI9vq1iZgIekeC0L167qeu86czQaxed3q/Uzuw0swL0irL8A==, registry: https://registry.npm.taobao.org/, tarball: https://registry.npmmirror.com/is-generator-function/-/is-generator-function-1.0.10.tgz}
    name: is-generator-function
    version: 1.0.10
    engines: {node: '>= 0.4'}
    dependencies:
      has-tostringtag: registry.npmmirror.com/has-tostringtag@1.0.0
    dev: true

  registry.npmmirror.com/is-typed-array@1.1.10:
    resolution: {integrity: sha512-PJqgEHiWZvMpaFZ3uTc8kHPM4+4ADTlDniuQL7cU/UDA0Ql7F70yGfHph3cLNe+c9toaigv+DFzTJKhc2CtO6A==, registry: https://registry.npm.taobao.org/, tarball: https://registry.npmmirror.com/is-typed-array/-/is-typed-array-1.1.10.tgz}
    name: is-typed-array
    version: 1.1.10
    engines: {node: '>= 0.4'}
    dependencies:
      available-typed-arrays: registry.npmmirror.com/available-typed-arrays@1.0.5
      call-bind: registry.npmmirror.com/call-bind@1.0.2
      for-each: registry.npmmirror.com/for-each@0.3.3
      gopd: registry.npmmirror.com/gopd@1.0.1
      has-tostringtag: registry.npmmirror.com/has-tostringtag@1.0.0
    dev: true

  registry.npmmirror.com/jade@0.26.3:
    resolution: {integrity: sha512-mkk3vzUHFjzKjpCXeu+IjXeZD+QOTjUUdubgmHtHTDwvAO2ZTkMTTVrapts5CWz3JvJryh/4KWZpjeZrCepZ3A==, registry: https://registry.npm.taobao.org/, tarball: https://registry.npmmirror.com/jade/-/jade-0.26.3.tgz}
    name: jade
    version: 0.26.3
    deprecated: Jade has been renamed to pug, please install the latest version of pug instead of jade
    hasBin: true
    dependencies:
      commander: registry.npmmirror.com/commander@0.6.1
      mkdirp: registry.npmmirror.com/mkdirp@0.3.0
    dev: true

  registry.npmmirror.com/jsonfile@6.1.0:
    resolution: {integrity: sha512-5dgndWOriYSm5cnYaJNhalLNDKOqFwyDB/rr1E9ZsGciGvKPs8R2xYGCacuf3z6K1YKDz182fd+fY3cn3pMqXQ==, registry: https://registry.npm.taobao.org/, tarball: https://registry.npmmirror.com/jsonfile/-/jsonfile-6.1.0.tgz}
    name: jsonfile
    version: 6.1.0
    dependencies:
      universalify: registry.npmmirror.com/universalify@2.0.0
    optionalDependencies:
      graceful-fs: registry.npmmirror.com/graceful-fs@4.2.11
    dev: true

  registry.npmmirror.com/locate-path@5.0.0:
    resolution: {integrity: sha512-t7hw9pI+WvuwNJXwk5zVHpyhIqzg2qTlklJOf0mVxGSbe3Fp2VieZcduNYjaLDoy6p9uGpQEGWG87WpMKlNq8g==, registry: https://registry.npm.taobao.org/, tarball: https://registry.npmmirror.com/locate-path/-/locate-path-5.0.0.tgz}
    name: locate-path
    version: 5.0.0
    engines: {node: '>=8'}
    dependencies:
      p-locate: registry.npmmirror.com/p-locate@4.1.0
    dev: true

  registry.npmmirror.com/lolex@1.3.2:
    resolution: {integrity: sha512-YYp8cqz7/8eruZ15L1mzcPkvLYxipfdsWIDESvNdNmQP9o7TsDitRhNuV2xb7aFu2ofZngao1jiVrVZ842x4BQ==, registry: https://registry.npm.taobao.org/, tarball: https://registry.npmmirror.com/lolex/-/lolex-1.3.2.tgz}
    name: lolex
    version: 1.3.2
    dev: true

  registry.npmmirror.com/lru-cache@2.7.3:
    resolution: {integrity: sha512-WpibWJ60c3AgAz8a2iYErDrcT2C7OmKnsWhIcHOjkUHFjkXncJhtLxNSqUmxRxRunpb5I8Vprd7aNSd2NtksJQ==, registry: https://registry.npm.taobao.org/, tarball: https://registry.npmmirror.com/lru-cache/-/lru-cache-2.7.3.tgz}
    name: lru-cache
    version: 2.7.3
    dev: true

  registry.npmmirror.com/lru-cache@6.0.0:
    resolution: {integrity: sha512-Jo6dJ04CmSjuznwJSS3pUeWmd/H0ffTlkXXgwZi+eq1UCmqQwCh+eLsYOYCwY991i2Fah4h1BEMCx4qThGbsiA==, registry: https://registry.npm.taobao.org/, tarball: https://registry.npmmirror.com/lru-cache/-/lru-cache-6.0.0.tgz}
    name: lru-cache
    version: 6.0.0
    engines: {node: '>=10'}
    dependencies:
      yallist: registry.npmmirror.com/yallist@4.0.0
    dev: true

  registry.npmmirror.com/make-dir@3.1.0:
    resolution: {integrity: sha512-g3FeP20LNwhALb/6Cz6Dd4F2ngze0jz7tbzrD2wAV+o9FeNHe4rL+yK2md0J/fiSf1sa1ADhXqi5+oVwOM/eGw==, registry: https://registry.npm.taobao.org/, tarball: https://registry.npmmirror.com/make-dir/-/make-dir-3.1.0.tgz}
    name: make-dir
    version: 3.1.0
    engines: {node: '>=8'}
    dependencies:
      semver: registry.npmmirror.com/semver@6.3.0
    dev: true

  registry.npmmirror.com/minimatch@0.3.0:
    resolution: {integrity: sha512-WFX1jI1AaxNTZVOHLBVazwTWKaQjoykSzCBNXB72vDTCzopQGtyP91tKdFK5cv1+qMwPyiTu1HqUriqplI8pcA==, registry: https://registry.npm.taobao.org/, tarball: https://registry.npmmirror.com/minimatch/-/minimatch-0.3.0.tgz}
    name: minimatch
    version: 0.3.0
    deprecated: Please update to minimatch 3.0.2 or higher to avoid a RegExp DoS issue
    dependencies:
      lru-cache: registry.npmmirror.com/lru-cache@2.7.3
      sigmund: registry.npmmirror.com/sigmund@1.0.1
    dev: true

  registry.npmmirror.com/minimist@0.0.8:
    resolution: {integrity: sha512-miQKw5Hv4NS1Psg2517mV4e4dYNaO3++hjAvLOAzKqZ61rH8NS1SK+vbfBWZ5PY/Me/bEWhUwqMghEW5Fb9T7Q==, registry: https://registry.npm.taobao.org/, tarball: https://registry.npmmirror.com/minimist/-/minimist-0.0.8.tgz}
    name: minimist
    version: 0.0.8
    dev: true

  registry.npmmirror.com/mkdirp@0.3.0:
    resolution: {integrity: sha512-OHsdUcVAQ6pOtg5JYWpCBo9W/GySVuwvP9hueRMW7UqshC0tbfzLv8wjySTPm3tfUZ/21CE9E1pJagOA91Pxew==, registry: https://registry.npm.taobao.org/, tarball: https://registry.npmmirror.com/mkdirp/-/mkdirp-0.3.0.tgz}
    name: mkdirp
    version: 0.3.0
    deprecated: Legacy versions of mkdirp are no longer supported. Please update to mkdirp 1.x. (Note that the API surface has changed to use Promises in 1.x.)
    dev: true

  registry.npmmirror.com/mkdirp@0.5.1:
    resolution: {integrity: sha512-SknJC52obPfGQPnjIkXbmA6+5H15E+fR+E4iR2oQ3zzCLbd7/ONua69R/Gw7AgkTLsRG+r5fzksYwWe1AgTyWA==, registry: https://registry.npm.taobao.org/, tarball: https://registry.npmmirror.com/mkdirp/-/mkdirp-0.5.1.tgz}
    name: mkdirp
    version: 0.5.1
    deprecated: Legacy versions of mkdirp are no longer supported. Please update to mkdirp 1.x. (Note that the API surface has changed to use Promises in 1.x.)
    hasBin: true
    dependencies:
      minimist: registry.npmmirror.com/minimist@0.0.8
    dev: true

  registry.npmmirror.com/mocha@2.5.3:
    resolution: {integrity: sha512-jNt2iEk9FPmZLzL+sm4FNyOIDYXf2wUU6L4Cc8OIKK/kzgMHKPi4YhTZqG4bW4kQVdIv6wutDybRhXfdnujA1Q==, registry: https://registry.npm.taobao.org/, tarball: https://registry.npmmirror.com/mocha/-/mocha-2.5.3.tgz}
    name: mocha
    version: 2.5.3
    engines: {node: '>= 0.8.x'}
    hasBin: true
    dependencies:
      commander: registry.npmmirror.com/commander@2.3.0
      debug: registry.npmmirror.com/debug@2.2.0(supports-color@1.2.0)
      diff: registry.npmmirror.com/diff@1.4.0
      escape-string-regexp: registry.npmmirror.com/escape-string-regexp@1.0.2
      glob: registry.npmmirror.com/glob@3.2.11
      growl: registry.npmmirror.com/growl@1.9.2
      jade: registry.npmmirror.com/jade@0.26.3
      mkdirp: registry.npmmirror.com/mkdirp@0.5.1
      supports-color: registry.npmmirror.com/supports-color@1.2.0
      to-iso-string: registry.npmmirror.com/to-iso-string@0.0.2
    dev: true

  registry.npmmirror.com/ms@0.7.1:
    resolution: {integrity: sha512-lRLiIR9fSNpnP6TC4v8+4OU7oStC01esuNowdQ34L+Gk8e5Puoc88IqJ+XAY/B3Mn2ZKis8l8HX90oU8ivzUHg==, registry: https://registry.npm.taobao.org/, tarball: https://registry.npmmirror.com/ms/-/ms-0.7.1.tgz}
    name: ms
    version: 0.7.1
    dev: true

  registry.npmmirror.com/p-limit@2.3.0:
    resolution: {integrity: sha512-//88mFWSJx8lxCzwdAABTJL2MyWB12+eIY7MDL2SqLmAkeKU9qxRvWuSyTjm3FUmpBEMuFfckAIqEaVGUDxb6w==, registry: https://registry.npm.taobao.org/, tarball: https://registry.npmmirror.com/p-limit/-/p-limit-2.3.0.tgz}
    name: p-limit
    version: 2.3.0
    engines: {node: '>=6'}
    dependencies:
      p-try: registry.npmmirror.com/p-try@2.2.0
    dev: true

  registry.npmmirror.com/p-locate@4.1.0:
    resolution: {integrity: sha512-R79ZZ/0wAxKGu3oYMlz8jy/kbhsNrS7SKZ7PxEHBgJ5+F2mtFW2fK2cOtBh1cHYkQsbzFV7I+EoRKe6Yt0oK7A==, registry: https://registry.npm.taobao.org/, tarball: https://registry.npmmirror.com/p-locate/-/p-locate-4.1.0.tgz}
    name: p-locate
    version: 4.1.0
    engines: {node: '>=8'}
    dependencies:
      p-limit: registry.npmmirror.com/p-limit@2.3.0
    dev: true

  registry.npmmirror.com/p-try@2.2.0:
    resolution: {integrity: sha512-R4nPAVTAU0B9D35/Gk3uJf/7XYbQcyohSKdvAxIRSNghFl4e71hVoGnBNQz9cWaXxO2I10KTC+3jMdvvoKw6dQ==, registry: https://registry.npm.taobao.org/, tarball: https://registry.npmmirror.com/p-try/-/p-try-2.2.0.tgz}
    name: p-try
    version: 2.2.0
    engines: {node: '>=6'}
    dev: true

  registry.npmmirror.com/path-exists@4.0.0:
    resolution: {integrity: sha512-ak9Qy5Q7jYb2Wwcey5Fpvg2KoAc/ZIhLSLOSBmRmygPsGwkVVt0fZa0qrtMz+m6tJTAHfZQ8FnmB4MG4LWy7/w==, registry: https://registry.npm.taobao.org/, tarball: https://registry.npmmirror.com/path-exists/-/path-exists-4.0.0.tgz}
    name: path-exists
    version: 4.0.0
    engines: {node: '>=8'}
    dev: true

  registry.npmmirror.com/picomatch@2.3.1:
    resolution: {integrity: sha512-JU3teHTNjmE2VCGFzuY8EXzCDVwEqB2a8fsIvwaStHhAWJEeVd1o1QD80CU6+ZdEXXSLbSsuLwJjkCBWqRQUVA==, registry: https://registry.npm.taobao.org/, tarball: https://registry.npmmirror.com/picomatch/-/picomatch-2.3.1.tgz}
    name: picomatch
    version: 2.3.1
    engines: {node: '>=8.6'}
    dev: true

  registry.npmmirror.com/pkg-dir@4.2.0:
    resolution: {integrity: sha512-HRDzbaKjC+AOWVXxAU/x54COGeIv9eb+6CkDSQoNTt4XyWoIJvuPsXizxu/Fr23EiekbtZwmh1IcIG/l/a10GQ==, registry: https://registry.npm.taobao.org/, tarball: https://registry.npmmirror.com/pkg-dir/-/pkg-dir-4.2.0.tgz}
    name: pkg-dir
    version: 4.2.0
    engines: {node: '>=8'}
    dependencies:
      find-up: registry.npmmirror.com/find-up@4.1.0
    dev: true

  registry.npmmirror.com/promises-aplus-tests@2.1.2:
    resolution: {integrity: sha512-XiDfjQqx+rHLof8CU9xPOMLsjiXXxr3fkjE7WJjUzXttffB8K/nsnNsPTcwS4VvHliSjGVsYVqIjFeTHw53f5w==, registry: https://registry.npm.taobao.org/, tarball: https://registry.npmmirror.com/promises-aplus-tests/-/promises-aplus-tests-2.1.2.tgz}
    name: promises-aplus-tests
    version: 2.1.2
    hasBin: true
    dependencies:
      mocha: registry.npmmirror.com/mocha@2.5.3
      sinon: registry.npmmirror.com/sinon@1.17.7
      underscore: registry.npmmirror.com/underscore@1.8.3
    dev: true

  registry.npmmirror.com/rollup-plugin-typescript2@0.34.1(rollup@3.23.0)(typescript@5.0.3):
    resolution: {integrity: sha512-P4cHLtGikESmqi1CA+tdMDUv8WbQV48mzPYt77TSTOPJpERyZ9TXdDgjSDix8Fkqce6soYz3+fa4lrC93IEkcw==, registry: https://registry.npm.taobao.org/, tarball: https://registry.npmmirror.com/rollup-plugin-typescript2/-/rollup-plugin-typescript2-0.34.1.tgz}
    id: registry.npmmirror.com/rollup-plugin-typescript2/0.34.1
    name: rollup-plugin-typescript2
    version: 0.34.1
    peerDependencies:
      rollup: '>=1.26.3'
      typescript: '>=2.4.0'
    dependencies:
      '@rollup/pluginutils': registry.npmmirror.com/@rollup/pluginutils@4.2.1
      find-cache-dir: registry.npmmirror.com/find-cache-dir@3.3.2
      fs-extra: registry.npmmirror.com/fs-extra@10.1.0
      rollup: registry.npmmirror.com/rollup@3.23.0
      semver: registry.npmmirror.com/semver@7.5.1
      tslib: registry.npmmirror.com/tslib@2.5.2
      typescript: registry.npmmirror.com/typescript@5.0.3
    dev: true

  registry.npmmirror.com/rollup@3.23.0:
    resolution: {integrity: sha512-h31UlwEi7FHihLe1zbk+3Q7z1k/84rb9BSwmBSr/XjOCEaBJ2YyedQDuM0t/kfOS0IxM+vk1/zI9XxYj9V+NJQ==, registry: https://registry.npm.taobao.org/, tarball: https://registry.npmmirror.com/rollup/-/rollup-3.23.0.tgz}
    name: rollup
    version: 3.23.0
    engines: {node: '>=14.18.0', npm: '>=8.0.0'}
    hasBin: true
    optionalDependencies:
      fsevents: registry.npmmirror.com/fsevents@2.3.2
    dev: true

  registry.npmmirror.com/samsam@1.1.2:
    resolution: {integrity: sha512-iVL7LibpM3tl4rQPweOXXrmjGegxx27flTOjQEZD3PXe4oZNFzuz6Si4mgleK/JWU/hyCvtV01RUovjvBEpDmw==, registry: https://registry.npm.taobao.org/, tarball: https://registry.npmmirror.com/samsam/-/samsam-1.1.2.tgz}
    name: samsam
    version: 1.1.2
    deprecated: This package has been deprecated in favour of @sinonjs/samsam
    dev: true

  registry.npmmirror.com/semver@6.3.0:
    resolution: {integrity: sha512-b39TBaTSfV6yBrapU89p5fKekE2m/NwnDocOVruQFS1/veMgdzuPcnOM34M6CwxW8jH/lxEa5rBoDeUwu5HHTw==, registry: https://registry.npm.taobao.org/, tarball: https://registry.npmmirror.com/semver/-/semver-6.3.0.tgz}
    name: semver
    version: 6.3.0
    hasBin: true
    dev: true

  registry.npmmirror.com/semver@7.5.1:
    resolution: {integrity: sha512-Wvss5ivl8TMRZXXESstBA4uR5iXgEN/VC5/sOcuXdVLzcdkz4HWetIoRfG5gb5X+ij/G9rw9YoGn3QoQ8OCSpw==, registry: https://registry.npm.taobao.org/, tarball: https://registry.npmmirror.com/semver/-/semver-7.5.1.tgz}
    name: semver
    version: 7.5.1
    engines: {node: '>=10'}
    hasBin: true
    dependencies:
      lru-cache: registry.npmmirror.com/lru-cache@6.0.0
    dev: true

  registry.npmmirror.com/sigmund@1.0.1:
    resolution: {integrity: sha512-fCvEXfh6NWpm+YSuY2bpXb/VIihqWA6hLsgboC+0nl71Q7N7o2eaCW8mJa/NLvQhs6jpd3VZV4UiUQlV6+lc8g==, registry: https://registry.npm.taobao.org/, tarball: https://registry.npmmirror.com/sigmund/-/sigmund-1.0.1.tgz}
    name: sigmund
    version: 1.0.1
    dev: true

  registry.npmmirror.com/sinon@1.17.7:
    resolution: {integrity: sha512-M9rtyQxKfcTTdB64rpPSRaTzOvunb+HHPv/3PxvNPrEDnFSny95Pi6/3VoD471ody0ay0IHyzT3BErfcLXj6NA==, registry: https://registry.npm.taobao.org/, tarball: https://registry.npmmirror.com/sinon/-/sinon-1.17.7.tgz}
    name: sinon
    version: 1.17.7
    engines: {node: '>=0.1.103'}
    dependencies:
      formatio: registry.npmmirror.com/formatio@1.1.1
      lolex: registry.npmmirror.com/lolex@1.3.2
      samsam: registry.npmmirror.com/samsam@1.1.2
      util: registry.npmmirror.com/util@0.12.5
    dev: true

  registry.npmmirror.com/supports-color@1.2.0:
    resolution: {integrity: sha512-mS5xsnjTh5b7f2DM6bch6lR582UCOTphzINlZnDsfpIRrwI6r58rb6YSSGsdexkm8qw2bBVO2ID2fnJOTuLiPA==, registry: https://registry.npm.taobao.org/, tarball: https://registry.npmmirror.com/supports-color/-/supports-color-1.2.0.tgz}
    name: supports-color
    version: 1.2.0
    engines: {node: '>=0.10.0'}
    hasBin: true
    dev: true

  registry.npmmirror.com/to-iso-string@0.0.2:
    resolution: {integrity: sha512-oeHLgfWA7d0CPQa6h0+i5DAJZISz5un0d5SHPkw+Untclcvzv9T+AC3CvGXlZJdOlIbxbTfyyzlqCXc5hjpXYg==, registry: https://registry.npm.taobao.org/, tarball: https://registry.npmmirror.com/to-iso-string/-/to-iso-string-0.0.2.tgz}
    name: to-iso-string
    version: 0.0.2
    deprecated: to-iso-string has been deprecated, use @segment/to-iso-string instead.
    dev: true

  registry.npmmirror.com/tslib@2.5.2:
    resolution: {integrity: sha512-5svOrSA2w3iGFDs1HibEVBGbDrAY82bFQ3HZ3ixB+88nsbsWQoKqDRb5UBYAUPEzbBn6dAp5gRNXglySbx1MlA==, registry: https://registry.npm.taobao.org/, tarball: https://registry.npmmirror.com/tslib/-/tslib-2.5.2.tgz}
    name: tslib
    version: 2.5.2
    dev: true

  registry.npmmirror.com/typescript@5.0.3:
    resolution: {integrity: sha512-xv8mOEDnigb/tN9PSMTwSEqAnUvkoXMQlicOb0IUVDBSQCgBSaAAROUZYy2IcUy5qU6XajK5jjjO7TMWqBTKZA==, registry: https://registry.npm.taobao.org/, tarball: https://registry.npmmirror.com/typescript/-/typescript-5.0.3.tgz}
    name: typescript
    version: 5.0.3
    engines: {node: '>=12.20'}
    hasBin: true
    dev: true

  registry.npmmirror.com/underscore@1.8.3:
    resolution: {integrity: sha512-5WsVTFcH1ut/kkhAaHf4PVgI8c7++GiVcpCGxPouI6ZVjsqPnSDf8h/8HtVqc0t4fzRXwnMK70EcZeAs3PIddg==, registry: https://registry.npm.taobao.org/, tarball: https://registry.npmmirror.com/underscore/-/underscore-1.8.3.tgz}
    name: underscore
    version: 1.8.3
    dev: true

  registry.npmmirror.com/universalify@2.0.0:
    resolution: {integrity: sha512-hAZsKq7Yy11Zu1DE0OzWjw7nnLZmJZYTDZZyEFHZdUhV8FkH5MCfoU1XMaxXovpyW5nq5scPqq0ZDP9Zyl04oQ==, registry: https://registry.npm.taobao.org/, tarball: https://registry.npmmirror.com/universalify/-/universalify-2.0.0.tgz}
    name: universalify
    version: 2.0.0
    engines: {node: '>= 10.0.0'}
    dev: true

  registry.npmmirror.com/util@0.12.5:
    resolution: {integrity: sha512-kZf/K6hEIrWHI6XqOFUiiMa+79wE/D8Q+NCNAWclkyg3b4d2k7s0QGepNjiABc+aR3N1PAyHL7p6UcLY6LmrnA==, registry: https://registry.npm.taobao.org/, tarball: https://registry.npmmirror.com/util/-/util-0.12.5.tgz}
    name: util
    version: 0.12.5
    dependencies:
      inherits: registry.npmmirror.com/inherits@2.0.4
      is-arguments: registry.npmmirror.com/is-arguments@1.1.1
      is-generator-function: registry.npmmirror.com/is-generator-function@1.0.10
      is-typed-array: registry.npmmirror.com/is-typed-array@1.1.10
      which-typed-array: registry.npmmirror.com/which-typed-array@1.1.9
    dev: true

  registry.npmmirror.com/which-typed-array@1.1.9:
    resolution: {integrity: sha512-w9c4xkx6mPidwp7180ckYWfMmvxpjlZuIudNtDf4N/tTAUB8VJbX25qZoAsrtGuYNnGw3pa0AXgbGKRB8/EceA==, registry: https://registry.npm.taobao.org/, tarball: https://registry.npmmirror.com/which-typed-array/-/which-typed-array-1.1.9.tgz}
    name: which-typed-array
    version: 1.1.9
    engines: {node: '>= 0.4'}
    dependencies:
      available-typed-arrays: registry.npmmirror.com/available-typed-arrays@1.0.5
      call-bind: registry.npmmirror.com/call-bind@1.0.2
      for-each: registry.npmmirror.com/for-each@0.3.3
      gopd: registry.npmmirror.com/gopd@1.0.1
      has-tostringtag: registry.npmmirror.com/has-tostringtag@1.0.0
      is-typed-array: registry.npmmirror.com/is-typed-array@1.1.10
    dev: true

  registry.npmmirror.com/yallist@4.0.0:
    resolution: {integrity: sha512-3wdGidZyq5PB084XLES5TpOSRA3wjXAlIWMhum2kRcv/41Sn2emQ0dycQW4uZXLejwKvg6EsvbdlVL+FYEct7A==, registry: https://registry.npm.taobao.org/, tarball: https://registry.npmmirror.com/yallist/-/yallist-4.0.0.tgz}
    name: yallist
    version: 4.0.0
    dev: true
